
Microsoft Visual Studio Solution File, Format Version 12.00
# Visual Studio 14
VisualStudioVersion = 14.0.25420.1
MinimumVisualStudioVersion = 10.0.40219.1
Project("{8BC9CEB8-8B4A-11D0-8D11-00A0C91BC942}") = "test", "test.vcxproj", "{5876EC5D-6005-451F-97F3-BD793591495F}"
EndProject
Project("{8BC9CEB8-8B4A-11D0-8D11-00A0C91BC942}") = "1867", "..\1867\1867.vcxproj", "{A8BA83C6-8B97-4CD2-9F26-332140955AF1}"
EndProject
Project("{8BC9CEB8-8B4A-11D0-8D11-00A0C91BC942}") = "10815", "..\10815\10815.vcxproj", "{001C8C11-F832-40DC-A1A8-ACBCBC42D2A6}"
EndProject
Project("{8BC9CEB8-8B4A-11D0-8D11-00A0C91BC942}") = "2577", "..\2577\2577.vcxproj", "{B84CD0C2-9153-46A9-A0B1-2E70F05702BD}"
EndProject
Project("{8BC9CEB8-8B4A-11D0-8D11-00A0C91BC942}") = "toothlibtest", "..\toothlibtest\toothlibtest.vcxproj", "{6FA47C5B-9477-4FDD-9BA5-A4C9C7937DB5}"
EndProject
Global
	GlobalSection(SolutionConfigurationPlatforms) = preSolution
		Debug|x64 = Debug|x64
		Debug|x86 = Debug|x86
		Release|x64 = Release|x64
		Release|x86 = Release|x86
	EndGlobalSection
	GlobalSection(ProjectConfigurationPlatforms) = postSolution
		{5876EC5D-6005-451F-97F3-BD793591495F}.Debug|x64.ActiveCfg = Debug|x64
		{5876EC5D-6005-451F-97F3-BD793591495F}.Debug|x64.Build.0 = Debug|x64
		{5876EC5D-6005-451F-97F3-BD793591495F}.Debug|x86.ActiveCfg = Debug|Win32
		{5876EC5D-6005-451F-97F3-BD793591495F}.Debug|x86.Build.0 = Debug|Win32
		{5876EC5D-6005-451F-97F3-BD793591495F}.Release|x64.ActiveCfg = Release|x64
		{5876EC5D-6005-451F-97F3-BD793591495F}.Release|x64.Build.0 = Release|x64
		{5876EC5D-6005-451F-97F3-BD793591495F}.Release|x86.ActiveCfg = Release|Win32
		{5876EC5D-6005-451F-97F3-BD793591495F}.Release|x86.Build.0 = Release|Win32
		{A8BA83C6-8B97-4CD2-9F26-332140955AF1}.Debug|x64.ActiveCfg = Debug|x64
		{A8BA83C6-8B97-4CD2-9F26-332140955AF1}.Debug|x64.Build.0 = Debug|x64
		{A8BA83C6-8B97-4CD2-9F26-332140955AF1}.Debug|x86.ActiveCfg = Debug|Win32
		{A8BA83C6-8B97-4CD2-9F26-332140955AF1}.Debug|x86.Build.0 = Debug|Win32
		{A8BA83C6-8B97-4CD2-9F26-332140955AF1}.Release|x64.ActiveCfg = Release|x64
		{A8BA83C6-8B97-4CD2-9F26-332140955AF1}.Release|x64.Build.0 = Release|x64
		{A8BA83C6-8B97-4CD2-9F26-332140955AF1}.Release|x86.ActiveCfg = Release|Win32
		{A8BA83C6-8B97-4CD2-9F26-332140955AF1}.Release|x86.Build.0 = Release|Win32
		{001C8C11-F832-40DC-A1A8-ACBCBC42D2A6}.Debug|x64.ActiveCfg = Debug|x64
		{001C8C11-F832-40DC-A1A8-ACBCBC42D2A6}.Debug|x64.Build.0 = Debug|x64
		{001C8C11-F832-40DC-A1A8-ACBCBC42D2A6}.Debug|x86.ActiveCfg = Debug|Win32
		{001C8C11-F832-40DC-A1A8-ACBCBC42D2A6}.Debug|x86.Build.0 = Debug|Win32
		{001C8C11-F832-40DC-A1A8-ACBCBC42D2A6}.Release|x64.ActiveCfg = Release|x64
		{001C8C11-F832-40DC-A1A8-ACBCBC42D2A6}.Release|x64.Build.0 = Release|x64
		{001C8C11-F832-40DC-A1A8-ACBCBC42D2A6}.Release|x86.ActiveCfg = Release|Win32
		{001C8C11-F832-40DC-A1A8-ACBCBC42D2A6}.Release|x86.Build.0 = Release|Win32
		{B84CD0C2-9153-46A9-A0B1-2E70F05702BD}.Debug|x64.ActiveCfg = Debug|x64
		{B84CD0C2-9153-46A9-A0B1-2E70F05702BD}.Debug|x64.Build.0 = Debug|x64
		{B84CD0C2-9153-46A9-A0B1-2E70F05702BD}.Debug|x86.ActiveCfg = Debug|Win32
		{B84CD0C2-9153-46A9-A0B1-2E70F05702BD}.Debug|x86.Build.0 = Debug|Win32
		{B84CD0C2-9153-46A9-A0B1-2E70F05702BD}.Release|x64.ActiveCfg = Release|x64
		{B84CD0C2-9153-46A9-A0B1-2E70F05702BD}.Release|x64.Build.0 = Release|x64
		{B84CD0C2-9153-46A9-A0B1-2E70F05702BD}.Release|x86.ActiveCfg = Release|Win32
		{B84CD0C2-9153-46A9-A0B1-2E70F05702BD}.Release|x86.Build.0 = Release|Win32
		{6FA47C5B-9477-4FDD-9BA5-A4C9C7937DB5}.Debug|x64.ActiveCfg = Debug|x64
		{6FA47C5B-9477-4FDD-9BA5-A4C9C7937DB5}.Debug|x64.Build.0 = Debug|x64
		{6FA47C5B-9477-4FDD-9BA5-A4C9C7937DB5}.Debug|x86.ActiveCfg = Debug|Win32
		{6FA47C5B-9477-4FDD-9BA5-A4C9C7937DB5}.Debug|x86.Build.0 = Debug|Win32
		{6FA47C5B-9477-4FDD-9BA5-A4C9C7937DB5}.Release|x64.ActiveCfg = Release|x64
		{6FA47C5B-9477-4FDD-9BA5-A4C9C7937DB5}.Release|x64.Build.0 = Release|x64
		{6FA47C5B-9477-4FDD-9BA5-A4C9C7937DB5}.Release|x86.ActiveCfg = Release|Win32
		{6FA47C5B-9477-4FDD-9BA5-A4C9C7937DB5}.Release|x86.Build.0 = Release|Win32
	EndGlobalSection
	GlobalSection(SolutionProperties) = preSolution
		HideSolutionNode = FALSE
	EndGlobalSection
EndGlobal
